
Microsoft Visual Studio Solution File, Format Version 12.00
# Visual Studio Version 17
VisualStudioVersion = 17.4.33205.214
MinimumVisualStudioVersion = 10.0.40219.1
Project("{FAE04EC0-301F-11D3-BF4B-00C04F79EFBC}") = "WindowsFormsApp1", "WindowsFormsApp1\WindowsFormsApp1.csproj", "{C33B7A34-A7E6-4E6C-8767-DE6C5EC6B236}"
EndProject
Global
	GlobalSection(SolutionConfigurationPlatforms) = preSolution
		Debug|Any CPU = Debug|Any CPU
		Release|Any CPU = Release|Any CPU
	EndGlobalSection
	GlobalSection(ProjectConfigurationPlatforms) = postSolution
		{C33B7A34-A7E6-4E6C-8767-DE6C5EC6B236}.Debug|Any CPU.ActiveCfg = Debug|Any CPU
		{C33B7A34-A7E6-4E6C-8767-DE6C5EC6B236}.Debug|Any CPU.Build.0 = Debug|Any CPU
		{C33B7A34-A7E6-4E6C-8767-DE6C5EC6B236}.Release|Any CPU.ActiveCfg = Release|Any CPU
		{C33B7A34-A7E6-4E6C-8767-DE6C5EC6B236}.Release|Any CPU.Build.0 = Release|Any CPU
	EndGlobalSection
	GlobalSection(SolutionProperties) = preSolution
		HideSolutionNode = FALSE
	EndGlobalSection
	GlobalSection(ExtensibilityGlobals) = postSolution
		SolutionGuid = {26E778C5-712B-4A6E-B1E1-54E76E59C5F7}
	EndGlobalSection
EndGlobal
